
Microsoft Visual Studio Solution File, Format Version 12.00
# Visual Studio Version 17
VisualStudioVersion = 17.14.36518.9 d17.14
MinimumVisualStudioVersion = 10.0.40219.1
Project("{FAE04EC0-301F-11D3-BF4B-00C04F79EFBC}") = "Online Appointment System", "Online Appointment System\Online Appointment System.csproj", "{C69F8672-CFCE-4151-8A5E-5D2D8ADEF4D0}"
EndProject
Global
	GlobalSection(SolutionConfigurationPlatforms) = preSolution
		Debug|Any CPU = Debug|Any CPU
		Release|Any CPU = Release|Any CPU
	EndGlobalSection
	GlobalSection(ProjectConfigurationPlatforms) = postSolution
		{C69F8672-CFCE-4151-8A5E-5D2D8ADEF4D0}.Debug|Any CPU.ActiveCfg = Debug|Any CPU
		{C69F8672-CFCE-4151-8A5E-5D2D8ADEF4D0}.Debug|Any CPU.Build.0 = Debug|Any CPU
		{C69F8672-CFCE-4151-8A5E-5D2D8ADEF4D0}.Release|Any CPU.ActiveCfg = Release|Any CPU
		{C69F8672-CFCE-4151-8A5E-5D2D8ADEF4D0}.Release|Any CPU.Build.0 = Release|Any CPU
	EndGlobalSection
	GlobalSection(SolutionProperties) = preSolution
		HideSolutionNode = FALSE
	EndGlobalSection
	GlobalSection(ExtensibilityGlobals) = postSolution
		SolutionGuid = {C5D8E89F-5418-4CEF-A664-DFCE5C1A1B52}
	EndGlobalSection
EndGlobal
